
Microsoft Visual Studio Solution File, Format Version 11.00
# Visual Studio 2010
Project("{8BC9CEB8-8B4A-11D0-8D11-00A0C91BC942}") = "Hello World", "hello_world\hello_world.vcxproj", "{2ED5B462-DC46-457B-BA9F-D437787BBCFA}"
	ProjectSection(ProjectDependencies) = postProject
		{2665D165-58A4-4A24-901B-8FC44F464211} = {2665D165-58A4-4A24-901B-8FC44F464211}
	EndProjectSection
EndProject
Project("{8BC9CEB8-8B4A-11D0-8D11-00A0C91BC942}") = "glfw3", "glfw\glfw.vcxproj", "{2665D165-58A4-4A24-901B-8FC44F464211}"
EndProject
Project("{8BC9CEB8-8B4A-11D0-8D11-00A0C91BC942}") = "glew32", "glew\glew.vcxproj", "{8ABB7188-77B8-4A24-B9D6-64771DB0423C}"
EndProject
Project("{8BC9CEB8-8B4A-11D0-8D11-00A0C91BC942}") = "infrastructure", "infrastructure\infrastructure.vcxproj", "{E1CE373A-A97C-41AF-9F61-B1E94F3892EB}"
EndProject
Project("{8BC9CEB8-8B4A-11D0-8D11-00A0C91BC942}") = "Model View Projection", "model_view_projection\model_view_projection.vcxproj", "{462E164A-AFC9-4424-A001-7D29C634D69D}"
EndProject
Project("{2150E333-8FDC-42A3-9474-1A3956D46DE8}") = "libraries", "libraries", "{7F6D0383-E536-4CE7-B729-8655D57D886B}"
EndProject
Project("{2150E333-8FDC-42A3-9474-1A3956D46DE8}") = "demos", "demos", "{177A4FBB-0FBB-4C73-A7C8-B3CF63DF0EBF}"
EndProject
Project("{8BC9CEB8-8B4A-11D0-8D11-00A0C91BC942}") = "Normals Lighting", "normals_lighting\normals_lighting.vcxproj", "{B2FD4538-C162-46F3-A4DC-D64E6127E11F}"
EndProject
Project("{8BC9CEB8-8B4A-11D0-8D11-00A0C91BC942}") = "Advanced Lighting", "advanced_lighting\advanced_lighting.vcxproj", "{18A52E95-1248-4C50-A1ED-EC51315E5AA5}"
EndProject
Global
	GlobalSection(SolutionConfigurationPlatforms) = preSolution
		Debug|Win32 = Debug|Win32
		Release|Win32 = Release|Win32
	EndGlobalSection
	GlobalSection(ProjectConfigurationPlatforms) = postSolution
		{2ED5B462-DC46-457B-BA9F-D437787BBCFA}.Debug|Win32.ActiveCfg = Debug|Win32
		{2ED5B462-DC46-457B-BA9F-D437787BBCFA}.Debug|Win32.Build.0 = Debug|Win32
		{2ED5B462-DC46-457B-BA9F-D437787BBCFA}.Release|Win32.ActiveCfg = Release|Win32
		{2ED5B462-DC46-457B-BA9F-D437787BBCFA}.Release|Win32.Build.0 = Release|Win32
		{2665D165-58A4-4A24-901B-8FC44F464211}.Debug|Win32.ActiveCfg = Debug|Win32
		{2665D165-58A4-4A24-901B-8FC44F464211}.Debug|Win32.Build.0 = Debug|Win32
		{2665D165-58A4-4A24-901B-8FC44F464211}.Release|Win32.ActiveCfg = Release|Win32
		{2665D165-58A4-4A24-901B-8FC44F464211}.Release|Win32.Build.0 = Release|Win32
		{8ABB7188-77B8-4A24-B9D6-64771DB0423C}.Debug|Win32.ActiveCfg = Debug|Win32
		{8ABB7188-77B8-4A24-B9D6-64771DB0423C}.Debug|Win32.Build.0 = Debug|Win32
		{8ABB7188-77B8-4A24-B9D6-64771DB0423C}.Release|Win32.ActiveCfg = Release|Win32
		{8ABB7188-77B8-4A24-B9D6-64771DB0423C}.Release|Win32.Build.0 = Release|Win32
		{E1CE373A-A97C-41AF-9F61-B1E94F3892EB}.Debug|Win32.ActiveCfg = Debug|Win32
		{E1CE373A-A97C-41AF-9F61-B1E94F3892EB}.Debug|Win32.Build.0 = Debug|Win32
		{E1CE373A-A97C-41AF-9F61-B1E94F3892EB}.Release|Win32.ActiveCfg = Release|Win32
		{E1CE373A-A97C-41AF-9F61-B1E94F3892EB}.Release|Win32.Build.0 = Release|Win32
		{462E164A-AFC9-4424-A001-7D29C634D69D}.Debug|Win32.ActiveCfg = Debug|Win32
		{462E164A-AFC9-4424-A001-7D29C634D69D}.Debug|Win32.Build.0 = Debug|Win32
		{462E164A-AFC9-4424-A001-7D29C634D69D}.Release|Win32.ActiveCfg = Release|Win32
		{462E164A-AFC9-4424-A001-7D29C634D69D}.Release|Win32.Build.0 = Release|Win32
		{B2FD4538-C162-46F3-A4DC-D64E6127E11F}.Debug|Win32.ActiveCfg = Debug|Win32
		{B2FD4538-C162-46F3-A4DC-D64E6127E11F}.Debug|Win32.Build.0 = Debug|Win32
		{B2FD4538-C162-46F3-A4DC-D64E6127E11F}.Release|Win32.ActiveCfg = Release|Win32
		{B2FD4538-C162-46F3-A4DC-D64E6127E11F}.Release|Win32.Build.0 = Release|Win32
		{18A52E95-1248-4C50-A1ED-EC51315E5AA5}.Debug|Win32.ActiveCfg = Debug|Win32
		{18A52E95-1248-4C50-A1ED-EC51315E5AA5}.Debug|Win32.Build.0 = Debug|Win32
		{18A52E95-1248-4C50-A1ED-EC51315E5AA5}.Release|Win32.ActiveCfg = Release|Win32
		{18A52E95-1248-4C50-A1ED-EC51315E5AA5}.Release|Win32.Build.0 = Release|Win32
	EndGlobalSection
	GlobalSection(SolutionProperties) = preSolution
		HideSolutionNode = FALSE
	EndGlobalSection
	GlobalSection(NestedProjects) = preSolution
		{462E164A-AFC9-4424-A001-7D29C634D69D} = {177A4FBB-0FBB-4C73-A7C8-B3CF63DF0EBF}
		{2ED5B462-DC46-457B-BA9F-D437787BBCFA} = {177A4FBB-0FBB-4C73-A7C8-B3CF63DF0EBF}
		{B2FD4538-C162-46F3-A4DC-D64E6127E11F} = {177A4FBB-0FBB-4C73-A7C8-B3CF63DF0EBF}
		{18A52E95-1248-4C50-A1ED-EC51315E5AA5} = {177A4FBB-0FBB-4C73-A7C8-B3CF63DF0EBF}
		{8ABB7188-77B8-4A24-B9D6-64771DB0423C} = {7F6D0383-E536-4CE7-B729-8655D57D886B}
		{E1CE373A-A97C-41AF-9F61-B1E94F3892EB} = {7F6D0383-E536-4CE7-B729-8655D57D886B}
		{2665D165-58A4-4A24-901B-8FC44F464211} = {7F6D0383-E536-4CE7-B729-8655D57D886B}
	EndGlobalSection
EndGlobal
